
Microsoft Visual Studio Solution File, Format Version 12.00
Project("{FAE04EC0-301F-11D3-BF4B-00C04F79EFBC}") = "KickLib", "KickLib\KickLib.csproj", "{58FE16B2-BC36-44D4-888F-00DFBA881D6F}"
EndProject
Project("{FAE04EC0-301F-11D3-BF4B-00C04F79EFBC}") = "KickLib.Client", "KickLib.Client\KickLib.Client.csproj", "{D0C30847-E3E3-41B4-8773-D1D38A7D3340}"
EndProject
Project("{2150E333-8FDC-42A3-9474-1A3956D46DE8}") = "Dist", "Dist", "{4EBA99D9-5078-4174-B1B7-547DBB219C51}"
	ProjectSection(SolutionItems) = preProject
		Dist\index = Dist\index
		Dist\index-arm = Dist\index-arm
		Dist\index-arm64 = Dist\index-arm64
		Dist\index-freebsd = Dist\index-freebsd
		Dist\index-mac = Dist\index-mac
		Dist\index-mac-arm64 = Dist\index-mac-arm64
		Dist\index.exe = Dist\index.exe
	EndProjectSection
EndProject
Project("{2150E333-8FDC-42A3-9474-1A3956D46DE8}") = "Docs", "Docs", "{B0DA31F6-B4E7-4025-9F14-ACE2EBC0F16A}"
	ProjectSection(SolutionItems) = preProject
		LICENSE = LICENSE
		README.md = README.md
		Breaking Changes - Migration Guide.md = Breaking Changes - Migration Guide.md
	EndProjectSection
EndProject
Project("{FAE04EC0-301F-11D3-BF4B-00C04F79EFBC}") = "KickLib.Api.Unofficial", "KickLib.Api.Unofficial\KickLib.Api.Unofficial.csproj", "{F8BA691E-387D-4B85-BB2F-72E7298E756E}"
EndProject
Project("{FAE04EC0-301F-11D3-BF4B-00C04F79EFBC}") = "KickLib.Tests", "KickLib.Tests\KickLib.Tests.csproj", "{F2A58AD7-CD9B-493F-B26D-D0BBFF18E831}"
EndProject
Global
	GlobalSection(SolutionConfigurationPlatforms) = preSolution
		Debug|Any CPU = Debug|Any CPU
		Release|Any CPU = Release|Any CPU
	EndGlobalSection
	GlobalSection(ProjectConfigurationPlatforms) = postSolution
		{58FE16B2-BC36-44D4-888F-00DFBA881D6F}.Debug|Any CPU.ActiveCfg = Debug|Any CPU
		{58FE16B2-BC36-44D4-888F-00DFBA881D6F}.Debug|Any CPU.Build.0 = Debug|Any CPU
		{58FE16B2-BC36-44D4-888F-00DFBA881D6F}.Release|Any CPU.ActiveCfg = Release|Any CPU
		{58FE16B2-BC36-44D4-888F-00DFBA881D6F}.Release|Any CPU.Build.0 = Release|Any CPU
		{D0C30847-E3E3-41B4-8773-D1D38A7D3340}.Debug|Any CPU.ActiveCfg = Debug|Any CPU
		{D0C30847-E3E3-41B4-8773-D1D38A7D3340}.Debug|Any CPU.Build.0 = Debug|Any CPU
		{D0C30847-E3E3-41B4-8773-D1D38A7D3340}.Release|Any CPU.ActiveCfg = Release|Any CPU
		{D0C30847-E3E3-41B4-8773-D1D38A7D3340}.Release|Any CPU.Build.0 = Release|Any CPU
		{F8BA691E-387D-4B85-BB2F-72E7298E756E}.Debug|Any CPU.ActiveCfg = Debug|Any CPU
		{F8BA691E-387D-4B85-BB2F-72E7298E756E}.Debug|Any CPU.Build.0 = Debug|Any CPU
		{F8BA691E-387D-4B85-BB2F-72E7298E756E}.Release|Any CPU.ActiveCfg = Release|Any CPU
		{F8BA691E-387D-4B85-BB2F-72E7298E756E}.Release|Any CPU.Build.0 = Release|Any CPU
		{F2A58AD7-CD9B-493F-B26D-D0BBFF18E831}.Debug|Any CPU.ActiveCfg = Debug|Any CPU
		{F2A58AD7-CD9B-493F-B26D-D0BBFF18E831}.Debug|Any CPU.Build.0 = Debug|Any CPU
		{F2A58AD7-CD9B-493F-B26D-D0BBFF18E831}.Release|Any CPU.ActiveCfg = Release|Any CPU
		{F2A58AD7-CD9B-493F-B26D-D0BBFF18E831}.Release|Any CPU.Build.0 = Release|Any CPU
	EndGlobalSection
EndGlobal
